
Microsoft Visual Studio Solution File, Format Version 12.00
Project("{FAE04EC0-301F-11D3-BF4B-00C04F79EFBC}") = "MultiCarrierManager", "MultiCarrierManager\MultiCarrierManager.csproj", "{D70A1006-80F3-4E20-B024-08EE898D25CF}"
EndProject
Global
	GlobalSection(SolutionConfigurationPlatforms) = preSolution
		Debug|Any CPU = Debug|Any CPU
		Release|Any CPU = Release|Any CPU
	EndGlobalSection
	GlobalSection(ProjectConfigurationPlatforms) = postSolution
		{D70A1006-80F3-4E20-B024-08EE898D25CF}.Debug|Any CPU.ActiveCfg = Debug|Any CPU
		{D70A1006-80F3-4E20-B024-08EE898D25CF}.Debug|Any CPU.Build.0 = Debug|Any CPU
		{D70A1006-80F3-4E20-B024-08EE898D25CF}.Release|Any CPU.ActiveCfg = Release|Any CPU
		{D70A1006-80F3-4E20-B024-08EE898D25CF}.Release|Any CPU.Build.0 = Release|Any CPU
	EndGlobalSection
EndGlobal
